
Microsoft Visual Studio Solution File, Format Version 12.00
# Visual Studio Version 17
VisualStudioVersion = 17.5.33530.505
MinimumVisualStudioVersion = 10.0.40219.1
Project("{9A19103F-16F7-4668-BE54-9A1E7A4F7556}") = "BulkyBookWeb", "BulkyBookWeb\BulkyBookWeb.csproj", "{48D9BE9B-E872-47AF-B6F7-AC431DB822B0}"
EndProject
Project("{FAE04EC0-301F-11D3-BF4B-00C04F79EFBC}") = "Core", "Core\Core.csproj", "{A1BCBCD6-D9A0-42B3-B838-F6CB58FE161B}"
EndProject
Project("{FAE04EC0-301F-11D3-BF4B-00C04F79EFBC}") = "Data", "Data\Data.csproj", "{D2A304D4-1DC4-4338-B12D-792FB6889A5E}"
EndProject
Project("{FAE04EC0-301F-11D3-BF4B-00C04F79EFBC}") = "Infra", "Infra\Infra.csproj", "{44E45239-62FE-407C-B359-8101FF1F4305}"
EndProject
Project("{FAE04EC0-301F-11D3-BF4B-00C04F79EFBC}") = "BulkyBookAPI", "BulkyBookAPI\BulkyBookAPI.csproj", "{BC70D512-D2C8-4514-ADEA-5E3A4236B8EE}"
EndProject
Global
	GlobalSection(SolutionConfigurationPlatforms) = preSolution
		Debug|Any CPU = Debug|Any CPU
		Release|Any CPU = Release|Any CPU
	EndGlobalSection
	GlobalSection(ProjectConfigurationPlatforms) = postSolution
		{48D9BE9B-E872-47AF-B6F7-AC431DB822B0}.Debug|Any CPU.ActiveCfg = Debug|Any CPU
		{48D9BE9B-E872-47AF-B6F7-AC431DB822B0}.Debug|Any CPU.Build.0 = Debug|Any CPU
		{48D9BE9B-E872-47AF-B6F7-AC431DB822B0}.Release|Any CPU.ActiveCfg = Release|Any CPU
		{48D9BE9B-E872-47AF-B6F7-AC431DB822B0}.Release|Any CPU.Build.0 = Release|Any CPU
		{A1BCBCD6-D9A0-42B3-B838-F6CB58FE161B}.Debug|Any CPU.ActiveCfg = Debug|Any CPU
		{A1BCBCD6-D9A0-42B3-B838-F6CB58FE161B}.Debug|Any CPU.Build.0 = Debug|Any CPU
		{A1BCBCD6-D9A0-42B3-B838-F6CB58FE161B}.Release|Any CPU.ActiveCfg = Release|Any CPU
		{A1BCBCD6-D9A0-42B3-B838-F6CB58FE161B}.Release|Any CPU.Build.0 = Release|Any CPU
		{D2A304D4-1DC4-4338-B12D-792FB6889A5E}.Debug|Any CPU.ActiveCfg = Debug|Any CPU
		{D2A304D4-1DC4-4338-B12D-792FB6889A5E}.Debug|Any CPU.Build.0 = Debug|Any CPU
		{D2A304D4-1DC4-4338-B12D-792FB6889A5E}.Release|Any CPU.ActiveCfg = Release|Any CPU
		{D2A304D4-1DC4-4338-B12D-792FB6889A5E}.Release|Any CPU.Build.0 = Release|Any CPU
		{44E45239-62FE-407C-B359-8101FF1F4305}.Debug|Any CPU.ActiveCfg = Debug|Any CPU
		{44E45239-62FE-407C-B359-8101FF1F4305}.Debug|Any CPU.Build.0 = Debug|Any CPU
		{44E45239-62FE-407C-B359-8101FF1F4305}.Release|Any CPU.ActiveCfg = Release|Any CPU
		{44E45239-62FE-407C-B359-8101FF1F4305}.Release|Any CPU.Build.0 = Release|Any CPU
		{BC70D512-D2C8-4514-ADEA-5E3A4236B8EE}.Debug|Any CPU.ActiveCfg = Debug|Any CPU
		{BC70D512-D2C8-4514-ADEA-5E3A4236B8EE}.Debug|Any CPU.Build.0 = Debug|Any CPU
		{BC70D512-D2C8-4514-ADEA-5E3A4236B8EE}.Release|Any CPU.ActiveCfg = Release|Any CPU
		{BC70D512-D2C8-4514-ADEA-5E3A4236B8EE}.Release|Any CPU.Build.0 = Release|Any CPU
	EndGlobalSection
	GlobalSection(SolutionProperties) = preSolution
		HideSolutionNode = FALSE
	EndGlobalSection
	GlobalSection(ExtensibilityGlobals) = postSolution
		SolutionGuid = {EED7FD26-7158-44D5-BBDC-414E01AACCED}
	EndGlobalSection
EndGlobal
